// !$*UTF8*$!
{
	archiveVersion = 1;
	classes = {
	};
	objectVersion = 46;
	objects = {

/* Begin PBXBuildFile section */
		CA7F523E1EDC42EE0056A5EA /* TableItem.swift in Sources */ = {isa = PBXBuildFile; fileRef = CA7F523D1EDC42EE0056A5EA /* TableItem.swift */; };
		CA7F52421EDC47400056A5EA /* TableItemController.swift in Sources */ = {isa = PBXBuildFile; fileRef = CA7F52411EDC47400056A5EA /* TableItemController.swift */; };
		CA9222211ED634E80011C3A1 /* AppDelegate.swift in Sources */ = {isa = PBXBuildFile; fileRef = CA9222201ED634E80011C3A1 /* AppDelegate.swift */; };
		CA9222231ED634E80011C3A1 /* ViewController.swift in Sources */ = {isa = PBXBuildFile; fileRef = CA9222221ED634E80011C3A1 /* ViewController.swift */; };
		CA9222261ED634E80011C3A1 /* Main.storyboard in Resources */ = {isa = PBXBuildFile; fileRef = CA9222241ED634E80011C3A1 /* Main.storyboard */; };
		CA92222B1ED634E80011C3A1 /* Assets.xcassets in Resources */ = {isa = PBXBuildFile; fileRef = CA92222A1ED634E80011C3A1 /* Assets.xcassets */; };
		CA92222E1ED634E80011C3A1 /* LaunchScreen.storyboard in Resources */ = {isa = PBXBuildFile; fileRef = CA92222C1ED634E80011C3A1 /* LaunchScreen.storyboard */; };
/* End PBXBuildFile section */

/* Begin PBXFileReference section */
		CA7F523D1EDC42EE0056A5EA /* TableItem.swift */ = {isa = PBXFileReference; fileEncoding = 4; lastKnownFileType = sourcecode.swift; name = TableItem.swift; path = Model/TableItem.swift; sourceTree = "<group>"; };
		CA7F52411EDC47400056A5EA /* TableItemController.swift */ = {isa = PBXFileReference; fileEncoding = 4; lastKnownFileType = sourcecode.swift; name = TableItemController.swift; path = Controller/TableItemController.swift; sourceTree = "<group>"; };
		CA92221D1ED634E80011C3A1 /* Pentola a Pressione.app */ = {isa = PBXFileReference; explicitFileType = wrapper.application; includeInIndex = 0; path = "Pentola a Pressione.app"; sourceTree = BUILT_PRODUCTS_DIR; };
		CA9222201ED634E80011C3A1 /* AppDelegate.swift */ = {isa = PBXFileReference; lastKnownFileType = sourcecode.swift; path = AppDelegate.swift; sourceTree = "<group>"; };
		CA9222221ED634E80011C3A1 /* ViewController.swift */ = {isa = PBXFileReference; lastKnownFileType = sourcecode.swift; path = ViewController.swift; sourceTree = "<group>"; };
		CA9222251ED634E80011C3A1 /* Base */ = {isa = PBXFileReference; lastKnownFileType = file.storyboard; name = Base; path = Base.lproj/Main.storyboard; sourceTree = "<group>"; };
		CA92222A1ED634E80011C3A1 /* Assets.xcassets */ = {isa = PBXFileReference; lastKnownFileType = folder.assetcatalog; path = Assets.xcassets; sourceTree = "<group>"; };
		CA92222D1ED634E80011C3A1 /* Base */ = {isa = PBXFileReference; lastKnownFileType = file.storyboard; name = Base; path = Base.lproj/LaunchScreen.storyboard; sourceTree = "<group>"; };
		CA92222F1ED634E80011C3A1 /* Info.plist */ = {isa = PBXFileReference; lastKnownFileType = text.plist.xml; path = Info.plist; sourceTree = "<group>"; };
/* End PBXFileReference section */

/* Begin PBXFrameworksBuildPhase section */
		CA92221A1ED634E80011C3A1 /* Frameworks */ = {
			isa = PBXFrameworksBuildPhase;
			buildActionMask = 2147483647;
			files = (
			);
			runOnlyForDeploymentPostprocessing = 0;
		};
/* End PBXFrameworksBuildPhase section */

/* Begin PBXGroup section */
		CA7F523C1EDC42BA0056A5EA /* Model */ = {
			isa = PBXGroup;
			children = (
				CA7F523D1EDC42EE0056A5EA /* TableItem.swift */,
			);
			name = Model;
			sourceTree = "<group>";
		};
		CA7F52401EDC472A0056A5EA /* Controller */ = {
			isa = PBXGroup;
			children = (
				CA7F52411EDC47400056A5EA /* TableItemController.swift */,
			);
			name = Controller;
			sourceTree = "<group>";
		};
		CA9222141ED634E80011C3A1 = {
			isa = PBXGroup;
			children = (
				CA92221F1ED634E80011C3A1 /* Pentola a Pressione */,
				CA92221E1ED634E80011C3A1 /* Products */,
			);
			sourceTree = "<group>";
		};
		CA92221E1ED634E80011C3A1 /* Products */ = {
			isa = PBXGroup;
			children = (
				CA92221D1ED634E80011C3A1 /* Pentola a Pressione.app */,
			);
			name = Products;
			sourceTree = "<group>";
		};
		CA92221F1ED634E80011C3A1 /* Pentola a Pressione */ = {
			isa = PBXGroup;
			children = (
				CA7F52401EDC472A0056A5EA /* Controller */,
				CA7F523C1EDC42BA0056A5EA /* Model */,
				CA9222201ED634E80011C3A1 /* AppDelegate.swift */,
				CA9222221ED634E80011C3A1 /* ViewController.swift */,
				CA9222241ED634E80011C3A1 /* Main.storyboard */,
				CA92222C1ED634E80011C3A1 /* LaunchScreen.storyboard */,
				CA92222A1ED634E80011C3A1 /* Assets.xcassets */,
				CA92222F1ED634E80011C3A1 /* Info.plist */,
			);
			path = "Pentola a Pressione";
			sourceTree = "<group>";
		};
/* End PBXGroup section */

/* Begin PBXNativeTarget section */
		CA92221C1ED634E80011C3A1 /* Pentola a Pressione */ = {
			isa = PBXNativeTarget;
			buildConfigurationList = CA9222321ED634E80011C3A1 /* Build configuration list for PBXNativeTarget "Pentola a Pressione" */;
			buildPhases = (
				CA9222191ED634E80011C3A1 /* Sources */,
				CA92221A1ED634E80011C3A1 /* Frameworks */,
				CA92221B1ED634E80011C3A1 /* Resources */,
			);
			buildRules = (
			);
			dependencies = (
			);
			name = "Pentola a Pressione";
			productName = "Pentola a Pressione";
			productReference = CA92221D1ED634E80011C3A1 /* Pentola a Pressione.app */;
			productType = "com.apple.product-type.application";
		};
/* End PBXNativeTarget section */

/* Begin PBXProject section */
		CA9222151ED634E80011C3A1 /* Project object */ = {
			isa = PBXProject;
			attributes = {
				LastSwiftUpdateCheck = 0830;
				LastUpgradeCheck = 0830;
				ORGANIZATIONNAME = "Alessio Cuccovillo";
				TargetAttributes = {
					CA92221C1ED634E80011C3A1 = {
						CreatedOnToolsVersion = 8.3.2;
						DevelopmentTeam = P953YJJPZU;
						ProvisioningStyle = Automatic;
					};
				};
			};
			buildConfigurationList = CA9222181ED634E80011C3A1 /* Build configuration list for PBXProject "Pentola a Pressione" */;
			compatibilityVersion = "Xcode 3.2";
			developmentRegion = English;
			hasScannedForEncodings = 0;
			knownRegions = (
				en,
				Base,
			);
			mainGroup = CA9222141ED634E80011C3A1;
			productRefGroup = CA92221E1ED634E80011C3A1 /* Products */;
			projectDirPath = "";
			projectRoot = "";
			targets = (
				CA92221C1ED634E80011C3A1 /* Pentola a Pressione */,
			);
		};
/* End PBXProject section */

/* Begin PBXResourcesBuildPhase section */
		CA92221B1ED634E80011C3A1 /* Resources */ = {
			isa = PBXResourcesBuildPhase;
			buildActionMask = 2147483647;
			files = (
				CA92222E1ED634E80011C3A1 /* LaunchScreen.storyboard in Resources */,
				CA92222B1ED634E80011C3A1 /* Assets.xcassets in Resources */,
				CA9222261ED634E80011C3A1 /* Main.storyboard in Resources */,
			);
			runOnlyForDeploymentPostprocessing = 0;
		};
/* End PBXResourcesBuildPhase section */

/* Begin PBXSourcesBuildPhase section */
		CA9222191ED634E80011C3A1 /* Sources */ = {
			isa = PBXSourcesBuildPhase;
			buildActionMask = 2147483647;
			files = (
				CA7F523E1EDC42EE0056A5EA /* TableItem.swift in Sources */,
				CA7F52421EDC47400056A5EA /* TableItemController.swift in Sources */,
				CA9222231ED634E80011C3A1 /* ViewController.swift in Sources */,
				CA9222211ED634E80011C3A1 /* AppDelegate.swift in Sources */,
			);
			runOnlyForDeploymentPostprocessing = 0;
		};
/* End PBXSourcesBuildPhase section */

/* Begin PBXVariantGroup section */
		CA9222241ED634E80011C3A1 /* Main.storyboard */ = {
			isa = PBXVariantGroup;
			children = (
				CA9222251ED634E80011C3A1 /* Base */,
			);
			name = Main.storyboard;
			sourceTree = "<group>";
		};
		CA92222C1ED634E80011C3A1 /* LaunchScreen.storyboard */ = {
			isa = PBXVariantGroup;
			children = (
				CA92222D1ED634E80011C3A1 /* Base */,
			);
			name = LaunchScreen.storyboard;
			sourceTree = "<group>";
		};
/* End PBXVariantGroup section */

/* Begin XCBuildConfiguration section */
		CA9222301ED634E80011C3A1 /* Debug */ = {
			isa = XCBuildConfiguration;
			buildSettings = {
				ALWAYS_SEARCH_USER_PATHS = NO;
				CLANG_ANALYZER_NONNULL = YES;
				CLANG_ANALYZER_NUMBER_OBJECT_CONVERSION = YES_AGGRESSIVE;
				CLANG_CXX_LANGUAGE_STANDARD = "gnu++0x";
				CLANG_CXX_LIBRARY = "libc++";
				CLANG_ENABLE_MODULES = YES;
				CLANG_ENABLE_OBJC_ARC = YES;
				CLANG_WARN_BOOL_CONVERSION = YES;
				CLANG_WARN_CONSTANT_CONVERSION = YES;
				CLANG_WARN_DIRECT_OBJC_ISA_USAGE = YES_ERROR;
				CLANG_WARN_DOCUMENTATION_COMMENTS = YES;
				CLANG_WARN_EMPTY_BODY = YES;
				CLANG_WARN_ENUM_CONVERSION = YES;
				CLANG_WARN_INFINITE_RECURSION = YES;
				CLANG_WARN_INT_CONVERSION = YES;
				CLANG_WARN_OBJC_ROOT_CLASS = YES_ERROR;
				CLANG_WARN_SUSPICIOUS_MOVE = YES;
				CLANG_WARN_UNREACHABLE_CODE = YES;
				CLANG_WARN__DUPLICATE_METHOD_MATCH = YES;
				"CODE_SIGN_IDENTITY[sdk=iphoneos*]" = "iPhone Developer";
				COPY_PHASE_STRIP = NO;
				DEBUG_INFORMATION_FORMAT = dwarf;
				ENABLE_STRICT_OBJC_MSGSEND = YES;
				ENABLE_TESTABILITY = YES;
				GCC_C_LANGUAGE_STANDARD = gnu99;
				GCC_DYNAMIC_NO_PIC = NO;
				GCC_NO_COMMON_BLOCKS = YES;
				GCC_OPTIMIZATION_LEVEL = 0;
				GCC_PREPROCESSOR_DEFINITIONS = (
					"DEBUG=1",
					"$(inherited)",
				);
				GCC_WARN_64_TO_32_BIT_CONVERSION = YES;
				GCC_WARN_ABOUT_RETURN_TYPE = YES_ERROR;
				GCC_WARN_UNDECLARED_SELECTOR = YES;
				GCC_WARN_UNINITIALIZED_AUTOS = YES_AGGRESSIVE;
				GCC_WARN_UNUSED_FUNCTION = YES;
				GCC_WARN_UNUSED_VARIABLE = YES;
				IPHONEOS_DEPLOYMENT_TARGET = 10.3;
				MTL_ENABLE_DEBUG_INFO = YES;
				ONLY_ACTIVE_ARCH = YES;
				SDKROOT = iphoneos;
				SWIFT_ACTIVE_COMPILATION_CONDITIONS = DEBUG;
				SWIFT_OPTIMIZATION_LEVEL = "-Onone";
				TARGETED_DEVICE_FAMILY = "1,2";
			};
			name = Debug;
		};
		CA9222311ED634E80011C3A1 /* Release */ = {
			isa = XCBuildConfiguration;
			buildSettings = {
				ALWAYS_SEARCH_USER_PATHS = NO;
				CLANG_ANALYZER_NONNULL = YES;
				CLANG_ANALYZER_NUMBER_OBJECT_CONVERSION = YES_AGGRESSIVE;
				CLANG_CXX_LANGUAGE_STANDARD = "gnu++0x";
				CLANG_CXX_LIBRARY = "libc++";
				CLANG_ENABLE_MODULES = YES;
				CLANG_ENABLE_OBJC_ARC = YES;
				CLANG_WARN_BOOL_CONVERSION = YES;
				CLANG_WARN_CONSTANT_CONVERSION = YES;
				CLANG_WARN_DIRECT_OBJC_ISA_USAGE = YES_ERROR;
				CLANG_WARN_DOCUMENTATION_COMMENTS = YES;
				CLANG_WARN_EMPTY_BODY = YES;
				CLANG_WARN_ENUM_CONVERSION = YES;
				CLANG_WARN_INFINITE_RECURSION = YES;
				CLANG_WARN_INT_CONVERSION = YES;
				CLANG_WARN_OBJC_ROOT_CLASS = YES_ERROR;
				CLANG_WARN_SUSPICIOUS_MOVE = YES;
				CLANG_WARN_UNREACHABLE_CODE = YES;
				CLANG_WARN__DUPLICATE_METHOD_MATCH = YES;
				"CODE_SIGN_IDENTITY[sdk=iphoneos*]" = "iPhone Developer";
				COPY_PHASE_STRIP = NO;
				DEBUG_INFORMATION_FORMAT = "dwarf-with-dsym";
				ENABLE_NS_ASSERTIONS = NO;
				ENABLE_STRICT_OBJC_MSGSEND = YES;
				GCC_C_LANGUAGE_STANDARD = gnu99;
				GCC_NO_COMMON_BLOCKS = YES;
				GCC_WARN_64_TO_32_BIT_CONVERSION = YES;
				GCC_WARN_ABOUT_RETURN_TYPE = YES_ERROR;
				GCC_WARN_UNDECLARED_SELECTOR = YES;
				GCC_WARN_UNINITIALIZED_AUTOS = YES_AGGRESSIVE;
				GCC_WARN_UNUSED_FUNCTION = YES;
				GCC_WARN_UNUSED_VARIABLE = YES;
				IPHONEOS_DEPLOYMENT_TARGET = 10.3;
				MTL_ENABLE_DEBUG_INFO = NO;
				SDKROOT = iphoneos;
				SWIFT_OPTIMIZATION_LEVEL = "-Owholemodule";
				TARGETED_DEVICE_FAMILY = "1,2";
				VALIDATE_PRODUCT = YES;
			};
			name = Release;
		};
		CA9222331ED634E80011C3A1 /* Debug */ = {
			isa = XCBuildConfiguration;
			buildSettings = {
				ASSETCATALOG_COMPILER_APPICON_NAME = AppIcon;
				DEVELOPMENT_TEAM = P953YJJPZU;
				INFOPLIST_FILE = "Pentola a Pressione/Info.plist";
				LD_RUNPATH_SEARCH_PATHS = "$(inherited) @executable_path/Frameworks";
				PRODUCT_BUNDLE_IDENTIFIER = "cuccovillo.alessio.Pentola-a-Pressione";
				PRODUCT_NAME = "$(TARGET_NAME)";
				SWIFT_VERSION = 3.0;
				TARGETED_DEVICE_FAMILY = 1;
			};
			name = Debug;
		};
		CA9222341ED634E80011C3A1 /* Release */ = {
			isa = XCBuildConfiguration;
			buildSettings = {
				ASSETCATALOG_COMPILER_APPICON_NAME = AppIcon;
				DEVELOPMENT_TEAM = P953YJJPZU;
				INFOPLIST_FILE = "Pentola a Pressione/Info.plist";
				LD_RUNPATH_SEARCH_PATHS = "$(inherited) @executable_path/Frameworks";
				PRODUCT_BUNDLE_IDENTIFIER = "cuccovillo.alessio.Pentola-a-Pressione";
				PRODUCT_NAME = "$(TARGET_NAME)";
				SWIFT_VERSION = 3.0;
				TARGETED_DEVICE_FAMILY = 1;
			};
			name = Release;
		};
/* End XCBuildConfiguration section */

/* Begin XCConfigurationList section */
		CA9222181ED634E80011C3A1 /* Build configuration list for PBXProject "Pentola a Pressione" */ = {
			isa = XCConfigurationList;
			buildConfigurations = (
				CA9222301ED634E80011C3A1 /* Debug */,
				CA9222311ED634E80011C3A1 /* Release */,
			);
			defaultConfigurationIsVisible = 0;
			defaultConfigurationName = Release;
		};
		CA9222321ED634E80011C3A1 /* Build configuration list for PBXNativeTarget "Pentola a Pressione" */ = {
			isa = XCConfigurationList;
			buildConfigurations = (
				CA9222331ED634E80011C3A1 /* Debug */,
				CA9222341ED634E80011C3A1 /* Release */,
			);
			defaultConfigurationIsVisible = 0;
			defaultConfigurationName = Release;
		};
/* End XCConfigurationList section */
	};
	rootObject = CA9222151ED634E80011C3A1 /* Project object */;
}
